{
  "name": "astal-shell",
  "lockfileVersion": 3,
  "requires": true,
  "packages": {
    "": {
      "name": "astal-shell",
      "dependencies": {
        "astal": "/nix/store/nfa9g7rmnkn31fb2fgj3yd6kx2dskbr1-astal-gjs/share/astal/gjs"
      }
    },
    "../../../../nix/store/nfa9g7rmnkn31fb2fgj3yd6kx2dskbr1-astal-gjs/share/astal/gjs": {
      "name": "astal",
      "license": "LGPL-2.1"
    },
    "../../../../usr/share/astal/gjs": {
      "name": "astal",
      "extraneous": true,
      "license": "LGPL-2.1"
    },
    "node_modules/astal": {
      "resolved": "../../../../nix/store/nfa9g7rmnkn31fb2fgj3yd6kx2dskbr1-astal-gjs/share/astal/gjs",
      "link": true
    }
  }
}
